
Microsoft Visual Studio Solution File, Format Version 12.00
# Visual Studio 14
VisualStudioVersion = 14.0.25420.1
MinimumVisualStudioVersion = 10.0.40219.1
Project("{FAE04EC0-301F-11D3-BF4B-00C04F79EFBC}") = "DynamicVisualizer", "DynamicVisualizer\DynamicVisualizer.csproj", "{AD1CBE4D-5D4A-4891-AAB1-A2A9300E96BE}"
EndProject
Project("{FAE04EC0-301F-11D3-BF4B-00C04F79EFBC}") = "DynamicVisualizerTest", "DynamicVisualizerTest\DynamicVisualizerTest.csproj", "{01B98267-736A-4FC8-8FF2-FD9367ED868B}"
EndProject
Global
	GlobalSection(SolutionConfigurationPlatforms) = preSolution
		Debug|Any CPU = Debug|Any CPU
		Release|Any CPU = Release|Any CPU
	EndGlobalSection
	GlobalSection(ProjectConfigurationPlatforms) = postSolution
		{AD1CBE4D-5D4A-4891-AAB1-A2A9300E96BE}.Debug|Any CPU.ActiveCfg = Debug|Any CPU
		{AD1CBE4D-5D4A-4891-AAB1-A2A9300E96BE}.Debug|Any CPU.Build.0 = Debug|Any CPU
		{AD1CBE4D-5D4A-4891-AAB1-A2A9300E96BE}.Release|Any CPU.ActiveCfg = Release|Any CPU
		{AD1CBE4D-5D4A-4891-AAB1-A2A9300E96BE}.Release|Any CPU.Build.0 = Release|Any CPU
		{01B98267-736A-4FC8-8FF2-FD9367ED868B}.Debug|Any CPU.ActiveCfg = Debug|Any CPU
		{01B98267-736A-4FC8-8FF2-FD9367ED868B}.Debug|Any CPU.Build.0 = Debug|Any CPU
		{01B98267-736A-4FC8-8FF2-FD9367ED868B}.Release|Any CPU.ActiveCfg = Release|Any CPU
		{01B98267-736A-4FC8-8FF2-FD9367ED868B}.Release|Any CPU.Build.0 = Release|Any CPU
	EndGlobalSection
	GlobalSection(SolutionProperties) = preSolution
		HideSolutionNode = FALSE
	EndGlobalSection
EndGlobal
